{
  "name": "LassO",
  "lockfileVersion": 3,
  "requires": true,
  "packages": {
    "": {
      "dependencies": {
        "generic-pool": "^3.9.0",
        "ts-postgres": "^1.3.0"
      }
    },
    "node_modules/generic-pool": {
      "version": "3.9.0",
      "resolved": "https://registry.npmjs.org/generic-pool/-/generic-pool-3.9.0.tgz",
      "integrity": "sha512-hymDOu5B53XvN4QT9dBmZxPX4CWhBPPLguTZ9MMFeFa/Kg0xWVfylOVNlJji/E7yTZWFd/q9GO5TxDLq156D7g==",
      "engines": {
        "node": ">= 4"
      }
    },
    "node_modules/ts-postgres": {
      "version": "1.3.0",
      "resolved": "https://registry.npmjs.org/ts-postgres/-/ts-postgres-1.3.0.tgz",
      "integrity": "sha512-YQY6omZM9RiMeJpzyVn36ankicZnTbSTkHaq+NTkqrLHSRYigsNW9JsPwrZXxLt1es3mV+V6/VUj0eOVcYXq1g==",
      "dependencies": {
        "ts-typed-events": "^3.0.0"
      },
      "engines": {
        "node": ">=10.7.0"
      }
    },
    "node_modules/ts-typed-events": {
      "version": "3.0.0",
      "resolved": "https://registry.npmjs.org/ts-typed-events/-/ts-typed-events-3.0.0.tgz",
      "integrity": "sha512-+2FZ0XPX+UPR7PO8ZQjuvnuDMYRhzrDaCRaNHaBG1xSL//0oPa3XMU5yxgDTzW67VzkE33fQpx1YxWBdkaF7Zw=="
    }
  }
}
